
Microsoft Visual Studio Solution File, Format Version 12.00
# Visual Studio Version 17
VisualStudioVersion = 17.2.32630.192
MinimumVisualStudioVersion = 10.0.40219.1
Project("{FAE04EC0-301F-11D3-BF4B-00C04F79EFBC}") = "Assignment1", "Assignment1\Assignment1.csproj", "{B24CE948-A5B4-4E73-A961-493BBD39A832}"
EndProject
Global
	GlobalSection(SolutionConfigurationPlatforms) = preSolution
		Debug|Any CPU = Debug|Any CPU
		Release|Any CPU = Release|Any CPU
	EndGlobalSection
	GlobalSection(ProjectConfigurationPlatforms) = postSolution
		{B24CE948-A5B4-4E73-A961-493BBD39A832}.Debug|Any CPU.ActiveCfg = Debug|Any CPU
		{B24CE948-A5B4-4E73-A961-493BBD39A832}.Debug|Any CPU.Build.0 = Debug|Any CPU
		{B24CE948-A5B4-4E73-A961-493BBD39A832}.Release|Any CPU.ActiveCfg = Release|Any CPU
		{B24CE948-A5B4-4E73-A961-493BBD39A832}.Release|Any CPU.Build.0 = Release|Any CPU
	EndGlobalSection
	GlobalSection(SolutionProperties) = preSolution
		HideSolutionNode = FALSE
	EndGlobalSection
	GlobalSection(ExtensibilityGlobals) = postSolution
		SolutionGuid = {607B9CD9-D40A-4D47-83AA-D023EF05E72B}
	EndGlobalSection
EndGlobal
