
Microsoft Visual Studio Solution File, Format Version 12.00
# Visual Studio Version 17
VisualStudioVersion = 17.2.32630.192
MinimumVisualStudioVersion = 10.0.40219.1
Project("{FAE04EC0-301F-11D3-BF4B-00C04F79EFBC}") = "Lab Exercise 3", "Lab Exercise 3.csproj", "{86AF55FF-A5D7-42AF-8112-5DA4B6ED9F47}"
EndProject
Global
	GlobalSection(SolutionConfigurationPlatforms) = preSolution
		Debug|Any CPU = Debug|Any CPU
		Release|Any CPU = Release|Any CPU
	EndGlobalSection
	GlobalSection(ProjectConfigurationPlatforms) = postSolution
		{86AF55FF-A5D7-42AF-8112-5DA4B6ED9F47}.Debug|Any CPU.ActiveCfg = Debug|Any CPU
		{86AF55FF-A5D7-42AF-8112-5DA4B6ED9F47}.Debug|Any CPU.Build.0 = Debug|Any CPU
		{86AF55FF-A5D7-42AF-8112-5DA4B6ED9F47}.Release|Any CPU.ActiveCfg = Release|Any CPU
		{86AF55FF-A5D7-42AF-8112-5DA4B6ED9F47}.Release|Any CPU.Build.0 = Release|Any CPU
	EndGlobalSection
	GlobalSection(SolutionProperties) = preSolution
		HideSolutionNode = FALSE
	EndGlobalSection
	GlobalSection(ExtensibilityGlobals) = postSolution
		SolutionGuid = {26657C1E-B2D5-46D8-87D6-866E2655F387}
	EndGlobalSection
EndGlobal
